
Microsoft Visual Studio Solution File, Format Version 12.00
# Visual Studio Version 16
VisualStudioVersion = 16.0.33027.164
MinimumVisualStudioVersion = 10.0.40219.1
Project("{FAE04EC0-301F-11D3-BF4B-00C04F79EFBC}") = "CurrentWindow", "CurrentWindow\CurrentWindow.csproj", "{59878A30-8A80-4BBE-8DF4-A6E1E825E5EC}"
EndProject
Global
	GlobalSection(SolutionConfigurationPlatforms) = preSolution
		Debug|Any CPU = Debug|Any CPU
		Release|Any CPU = Release|Any CPU
	EndGlobalSection
	GlobalSection(ProjectConfigurationPlatforms) = postSolution
		{59878A30-8A80-4BBE-8DF4-A6E1E825E5EC}.Debug|Any CPU.ActiveCfg = Debug|Any CPU
		{59878A30-8A80-4BBE-8DF4-A6E1E825E5EC}.Debug|Any CPU.Build.0 = Debug|Any CPU
		{59878A30-8A80-4BBE-8DF4-A6E1E825E5EC}.Release|Any CPU.ActiveCfg = Release|Any CPU
		{59878A30-8A80-4BBE-8DF4-A6E1E825E5EC}.Release|Any CPU.Build.0 = Release|Any CPU
	EndGlobalSection
	GlobalSection(SolutionProperties) = preSolution
		HideSolutionNode = FALSE
	EndGlobalSection
	GlobalSection(ExtensibilityGlobals) = postSolution
		SolutionGuid = {C188FA3C-7AF4-4A87-BD69-635C4D9C406B}
	EndGlobalSection
EndGlobal
